hash: bf3e101bd4a1a36aec85d28a3e120a83a9ad0c17b39582b4b6e4e7e1aea6b7fa
updated: 2017-10-16T23:12:36.86287405+01:00
imports:
- name: github.com/go-ozzo/ozzo-validation
  version: 85dcd8368eba387e65a03488b003e233994e87e9
  subpackages:
  - is
- name: github.com/pkg/errors
  version: 645ef00459ed84a119197bfb8d8205042c6df63d
- name: github.com/satori/go.uuid
  version: 879c5887cd475cd7864858769793b2ceb0d44feb
testImports:
- name: github.com/davecgh/go-spew
  version: 6d212800a42e8ab5c146b8ace3490ee17e5225f9
  subpackages:
  - spew
- name: github.com/pmezard/go-difflib
  version: d8ed2627bdf02c080bf22230dbb337003b7aba2d
  subpackages:
  - difflib
- name: github.com/stretchr/testify
  version: 69483b4bd14f5845b5a1e55bca19e954e827f1d0
  subpackages:
  - assert
